github.com/andybalholm/brotli v1.0.4 h1:V7DdXeJtZscaqfNuAdSRuRFzuiKlHSC/Zh3zl9qY3JY=
github.com/andybalholm/brotli v1.0.4/go.mod h1:fO7iG3H7G2nSZ7m0zPUDn85XEX2GTukHGRSepvi9Eig=
github.com/bogdanfinn/fhttp v0.5.14 h1:vWiv3uL/XzlSVse7Jzrrt2Mi03qpalw6luWCu5GWbeQ=
github.com/bogdanfinn/fhttp v0.5.14/go.mod h1:o5VU3reYStBzwEU7KCMhnP2AjT9PaTE9HVdaq0pjpEg=
github.com/bogdanfinn/tls-client v1.2.0 h1:Gyzp/ZdkRoAPrDhx2qJb6xIrV1of0i0mTOv+M3bf2eU=
github.com/bogdanfinn/tls-client v1.2.0/go.mod h1:KeA2peCRsok7Y+DkLwYuJv5roHk6p65ZTK5QdbaPx40=
github.com/bogdanfinn/utls v1.5.11 h1:2baGFszIMcPilZiEwGXRpCenzrF+Mg/bbXZM90ovJR0=
github.com/bogdanfinn/utls v1.5.11/go.mod h1:mHeRCi69cUiEyVBkKONB1cAbLjRcZnlJbGzttmiuK4o=
github.com/klauspost/compress v1.15.12 h1:YClS/PImqYbn+UILDnqxQCZ3RehC9N318SU3kElDUEM=
github.com/klauspost/compress v1.15.12/go.mod h1:QPwzmACJjUTFsnSHH934V6woptycfrDDJnH7hvFVbGM=
github.com/patrickmn/go-cache v2.1.0+incompatible h1:HRMgzkcYKYpi3C8ajMPV8OFXaaRUnok+kx1WdO15EQc=
github.com/patrickmn/go-cache v2.1.0+incompatible/go.mod h1:3Qf8kWWT7OJRJbdiICTKqZju1ZixQ/KpMGzzAfe6+WQ=
golang.org/x/crypto v0.1.0 h1:MDRAIl0xIo9Io2xV565hzXHw3zVseKrJKodhohM5CjU=
golang.org/x/crypto v0.1.0/go.mod h1:RecgLatLF4+eUMCP1PoPZQb+cVrJcOPbHkTkbkB9sbw=
golang.org/x/net v0.1.0 h1:hZ/3BUoy5aId7sCpA/Tc5lt8DkFgdVS2onTpJsZ/fl0=
golang.org/x/net v0.1.0/go.mod h1:Cx3nUiGt4eDBEyega/BKRp+/AlGL8hYe7U9odMt2Cco=
golang.org/x/sys v0.1.0 h1:kunALQeHf1/185U1i0GOB/fy1IPRDDpuoOOqRReG57U=
golang.org/x/sys v0.1.0/go.mod h1:oPkhp1MJrh7nUepCBck5+mAzfO9JrbApNNgaTdGDITg=
golang.org/x/text v0.4.0 h1:BrVqGRd7+k1DiOgtnFvAkoQEWQvBc25ouMJM6429SFg=
golang.org/x/text v0.4.0/go.mod h1:mrYo+phRRbMaCq/xk9113O4dZlRixOauAjOtrjsXDZ8=
